{
  "version": 4,
  "terraform_version": "1.6.5",
  "serial": 6,
  "lineage": "313e8d25-0e45-f42a-91bc-838bee412539",
  "outputs": {
    "kubeconfig": {
      "value": "./kubeconfig",
      "type": "string"
    }
  },
  "resources": [
    {
      "mode": "managed",
      "type": "google_container_cluster",
      "name": "this",
      "provider": "provider[\"registry.terraform.io/hashicorp/google\"]",
      "instances": [
        {
          "schema_version": 1,
          "attributes": {
            "addons_config": [
              {
                "cloudrun_config": [],
                "config_connector_config": [],
                "dns_cache_config": [],
                "gce_persistent_disk_csi_driver_config": [
                  {
                    "enabled": true
                  }
                ],
                "gcp_filestore_csi_driver_config": [],
                "gke_backup_agent_config": [],
                "horizontal_pod_autoscaling": [],
                "http_load_balancing": [],
                "network_policy_config": [
                  {
                    "disabled": true
                  }
                ]
              }
            ],
            "authenticator_groups_config": [],
            "binary_authorization": [
              {
                "enabled": false,
                "evaluation_mode": ""
              }
            ],
            "cluster_autoscaling": [
              {
                "auto_provisioning_defaults": [],
                "enabled": false,
                "resource_limits": []
              }
            ],
            "cluster_ipv4_cidr": "10.0.0.0/14",
            "confidential_nodes": [],
            "cost_management_config": [],
            "database_encryption": [
              {
                "key_name": "",
                "state": "DECRYPTED"
              }
            ],
            "datapath_provider": "",
            "default_max_pods_per_node": null,
            "default_snat_status": [
              {
                "disabled": false
              }
            ],
            "description": "",
            "dns_config": [],
            "enable_autopilot": false,
            "enable_binary_authorization": false,
            "enable_intranode_visibility": false,
            "enable_kubernetes_alpha": false,
            "enable_l4_ilb_subsetting": false,
            "enable_legacy_abac": false,
            "enable_shielded_nodes": true,
            "enable_tpu": false,
            "endpoint": "34.72.63.14",
            "gateway_api_config": [],
            "id": "projects/k8s-k3s-405618/locations/us-central1-c/clusters/main",
            "initial_node_count": 1,
            "ip_allocation_policy": [],
            "label_fingerprint": "a9dc16a7",
            "location": "us-central1-c",
            "logging_config": [
              {
                "enable_components": [
                  "SYSTEM_COMPONENTS",
                  "WORKLOADS"
                ]
              }
            ],
            "logging_service": "logging.googleapis.com/kubernetes",
            "maintenance_policy": [],
            "master_auth": [
              {
                "client_certificate": "",
                "client_certificate_config": [
                  {
                    "issue_client_certificate": false
                  }
                ],
                "client_key": "",
                "cluster_ca_certificate": "LS0tLS1CRUdJTiBDRVJUSUZJQ0FURS0tLS0tCk1JSUVMRENDQXBTZ0F3SUJBZ0lRWEhoUzFDc2VXcDdqQXJtUVBNMFVmVEFOQmdrcWhraUc5dzBCQVFzRkFEQXYKTVMwd0t3WURWUVFERXlRNFpqQTBNemN6TXkwMk16RmlMVFJsTm1NdFlXWm1aUzA0T0RSbU0yUTRaR1ZtTkdJdwpJQmNOTWpNeE1qRTJNVEkwTURJMldoZ1BNakExTXpFeU1EZ3hNelF3TWpaYU1DOHhMVEFyQmdOVkJBTVRKRGhtCk1EUXpOek16TFRZek1XSXROR1UyWXkxaFptWmxMVGc0TkdZelpEaGtaV1kwWWpDQ0FhSXdEUVlKS29aSWh2Y04KQVFFQkJRQURnZ0dQQURDQ0FZb0NnZ0dCQUlmMFhyOGJPaWRnVnNKQUZrOG9zN05PbWd0eFA4ZjNzWE5tSGQ0agpPbVFOTm8rNm5jYkRSM1ZMRVNpbWpvVHpsSnplWFpBU3YzMHJBWXVIOVdyRzI1Uzd0RFR5QXpwK21BR0FUN21nCjlMQS8vTEhKOG42R2JiSXJZbjEyaER3VnNmbGV1aUo5UGQ5UisxMUc5RkozSm1uTFRQS3hpZXV5MVNDdDJMaFoKT280VUM3RWtkRDV6aUluTVd5R3VhRU5NczM3b2dEWFMxdklTaW41RUFjMUJ2SnFtYXRzRzJhM3plSHJDc1NPMQpQaGR0TnMxUDZocmFMNEo0MXA0UFpuUDVqVTFPbXBJM1U1Qnd1NjhvcEFjTnU0Ym5FWHFGbEV1TXowVm9vSFlmCnRBeVBhNzhibGJDemozTFJDcW1nWGw0eVZjRkViSkFlcG14Sjh4S0ZFVWNIV0JCK1VBdlF0Z1UwWUh2VTVSdHIKK200b3lsK0EwT1N3Y3k4N05yeDdyOGw4STZkcHNVb2xmTDRJNTc3RWhFd1Y5dTBNV2xPR3lWZ01UY1hueThKQwpQNU5CcHRsTE83YUs1SHVSc1ZDU3hYZUdOMFo4MW04b1FUTXBvV1hTVDV0OUJxbEJwSitDSXhQOHZJTkhZY3M1CnRUTzZ1NW5MRUY0QmVEaVFhMjErdysyM1dRSURBUUFCbzBJd1FEQU9CZ05WSFE4QkFmOEVCQU1DQWdRd0R3WUQKVlIwVEFRSC9CQVV3QXdFQi96QWRCZ05WSFE0RUZnUVVmODF1NUNPL1lQcTBBdC9qeHZKRkxrd3lNd1l3RFFZSgpLb1pJaHZjTkFRRUxCUUFEZ2dHQkFHTDN4Mnk0NlFRaDJ5UXZhU3l3Y05HWkw3dTU2U1ByWlJuU0c1STl4WG9QCmM0RUhHQ2JBWXErZ0RINmdSaXJlV0dRU3I0TnJCM1RMNzQ5djdCNmRFNkNlRmJXL05RUkx5UXoxb29qT1Fhd0IKbEFVTk5mSjJQV05kZXNhOVhYR3M5bGpaa2dydGtrNDdOQU9GcXJOK0pOVFZaV3EyZlJuYldkcTVXZmZzZ2s5eQpIam5UdDFMSEJkR1hSTkMvMHdIcWkxQ0l2Sm5McHhxMGU1dHRCSlprSXNHMDhaZ3BYbDVxcHNZVVhhajZWQm1JCnlueVdHdlJ3UHJYcHY2SlJtcEt3ajZoODJzR0hwWUZmaExJVXptRTFsbnNlOWd6QkJSSHNIM0ROQk5HZHM3a24KMHp0OTROb21KN1FlZ0x4KzVmVllDYk9oK1Vra1BlZWlZMlBlMmdleElCaU92WkdoRnJUbG10SFVSTXU3ZE1Vcgo5cGFVVVNQUzI3bnFhZUhQSjVUTWNKNFZ6UGJPZUdLeXVWK1lUSm1ZeVFaOEkvZTFJOXJrSTBESWxiUERWY2UyCkR1WXhIVUtPR2RrMjQ2V3hqRXd5amxnNzR5Z1NqeE42Sm9RRlo0cmdETXRNeE5Ra3RQdTVuRXR3STZkc1FacVIKSExrY21kc3ErTkZINkUzZkNKcU96UT09Ci0tLS0tRU5EIENFUlRJRklDQVRFLS0tLS0K"
              }
            ],
            "master_authorized_networks_config": [],
            "master_version": "1.27.3-gke.100",
            "mesh_certificates": [],
            "min_master_version": null,
            "monitoring_config": [
              {
                "enable_components": [
                  "SYSTEM_COMPONENTS"
                ],
                "managed_prometheus": [
                  {
                    "enabled": true
                  }
                ]
              }
            ],
            "monitoring_service": "monitoring.googleapis.com/kubernetes",
            "name": "main",
            "network": "projects/k8s-k3s-405618/global/networks/default",
            "network_policy": [
              {
                "enabled": false,
                "provider": "PROVIDER_UNSPECIFIED"
              }
            ],
            "networking_mode": "ROUTES",
            "node_config": [],
            "node_locations": [],
            "node_pool": [],
            "node_pool_defaults": [
              {
                "node_config_defaults": [
                  {
                    "logging_variant": "DEFAULT"
                  }
                ]
              }
            ],
            "node_version": "1.27.3-gke.100",
            "notification_config": [
              {
                "pubsub": [
                  {
                    "enabled": false,
                    "filter": [],
                    "topic": ""
                  }
                ]
              }
            ],
            "operation": null,
            "private_cluster_config": [
              {
                "enable_private_endpoint": false,
                "enable_private_nodes": false,
                "master_global_access_config": [
                  {
                    "enabled": false
                  }
                ],
                "master_ipv4_cidr_block": "",
                "peering_name": "",
                "private_endpoint": "10.128.0.17",
                "private_endpoint_subnetwork": "",
                "public_endpoint": "34.72.63.14"
              }
            ],
            "private_ipv6_google_access": "",
            "project": "k8s-k3s-405618",
            "release_channel": [
              {
                "channel": "REGULAR"
              }
            ],
            "remove_default_node_pool": true,
            "resource_labels": null,
            "resource_usage_export_config": [],
            "self_link": "https://container.googleapis.com/v1/projects/k8s-k3s-405618/zones/us-central1-c/clusters/main",
            "service_external_ips_config": [
              {
                "enabled": false
              }
            ],
            "services_ipv4_cidr": "10.3.240.0/20",
            "subnetwork": "projects/k8s-k3s-405618/regions/us-central1/subnetworks/default",
            "timeouts": null,
            "tpu_ipv4_cidr_block": "",
            "vertical_pod_autoscaling": [],
            "workload_identity_config": [
              {
                "workload_pool": "k8s-k3s-405618.svc.id.goog"
              }
            ]
          },
          "sensitive_attributes": [],
          "private": "eyJlMmJmYjczMC1lY2FhLTExZTYtOGY4OC0zNDM2M2JjN2M0YzAiOnsiY3JlYXRlIjoyNDAwMDAwMDAwMDAwLCJkZWxldGUiOjI0MDAwMDAwMDAwMDAsInJlYWQiOjI0MDAwMDAwMDAwMDAsInVwZGF0ZSI6MzYwMDAwMDAwMDAwMH0sInNjaGVtYV92ZXJzaW9uIjoiMSJ9"
        }
      ]
    },
    {
      "mode": "managed",
      "type": "google_container_node_pool",
      "name": "this",
      "provider": "provider[\"registry.terraform.io/hashicorp/google\"]",
      "instances": [
        {
          "schema_version": 1,
          "attributes": {
            "autoscaling": [],
            "cluster": "main",
            "id": "projects/k8s-k3s-405618/locations/us-central1-c/clusters/main/nodePools/main",
            "initial_node_count": 1,
            "instance_group_urls": [
              "https://www.googleapis.com/compute/v1/projects/k8s-k3s-405618/zones/us-central1-c/instanceGroupManagers/gke-main-main-d0e81a61-grp"
            ],
            "location": "us-central1-c",
            "managed_instance_group_urls": [
              "https://www.googleapis.com/compute/v1/projects/k8s-k3s-405618/zones/us-central1-c/instanceGroups/gke-main-main-d0e81a61-grp"
            ],
            "management": [
              {
                "auto_repair": true,
                "auto_upgrade": true
              }
            ],
            "max_pods_per_node": null,
            "name": "main",
            "name_prefix": "",
            "network_config": [
              {
                "create_pod_range": false,
                "enable_private_nodes": false,
                "pod_ipv4_cidr_block": "",
                "pod_range": ""
              }
            ],
            "node_config": [
              {
                "boot_disk_kms_key": "",
                "disk_size_gb": 100,
                "disk_type": "pd-balanced",
                "gcfs_config": [],
                "guest_accelerator": [],
                "gvnic": [],
                "image_type": "COS_CONTAINERD",
                "kubelet_config": [],
                "labels": {},
                "linux_node_config": [],
                "local_ssd_count": 0,
                "logging_variant": "DEFAULT",
                "machine_type": "g1-small",
                "metadata": {
                  "disable-legacy-endpoints": "true"
                },
                "min_cpu_platform": "",
                "node_group": "",
                "oauth_scopes": [
                  "https://www.googleapis.com/auth/devstorage.read_only",
                  "https://www.googleapis.com/auth/logging.write",
                  "https://www.googleapis.com/auth/monitoring",
                  "https://www.googleapis.com/auth/service.management.readonly",
                  "https://www.googleapis.com/auth/servicecontrol",
                  "https://www.googleapis.com/auth/trace.append"
                ],
                "preemptible": false,
                "reservation_affinity": [],
                "resource_labels": null,
                "service_account": "default",
                "shielded_instance_config": [
                  {
                    "enable_integrity_monitoring": true,
                    "enable_secure_boot": false
                  }
                ],
                "spot": false,
                "tags": null,
                "taint": [],
                "workload_metadata_config": [
                  {
                    "mode": "GKE_METADATA"
                  }
                ]
              }
            ],
            "node_count": 1,
            "node_locations": [
              "us-central1-c"
            ],
            "operation": null,
            "placement_policy": [],
            "project": "k8s-k3s-405618",
            "timeouts": null,
            "upgrade_settings": [
              {
                "blue_green_settings": [],
                "max_surge": 1,
                "max_unavailable": 0,
                "strategy": "SURGE"
              }
            ],
            "version": "1.27.3-gke.100"
          },
          "sensitive_attributes": [],
          "private": "eyJlMmJmYjczMC1lY2FhLTExZTYtOGY4OC0zNDM2M2JjN2M0YzAiOnsiY3JlYXRlIjoxODAwMDAwMDAwMDAwLCJkZWxldGUiOjE4MDAwMDAwMDAwMDAsInVwZGF0ZSI6MTgwMDAwMDAwMDAwMH0sInNjaGVtYV92ZXJzaW9uIjoiMSJ9",
          "dependencies": [
            "google_container_cluster.this"
          ]
        }
      ]
    },
    {
      "mode": "managed",
      "type": "local_file",
      "name": "kubeconfig",
      "provider": "provider[\"registry.terraform.io/hashicorp/local\"]",
      "instances": [
        {
          "schema_version": 0,
          "attributes": {
            "content": "apiVersion: v1\nclusters:\n- cluster:\n    certificate-authority-data: LS0tLS1CRUdJTiBDRVJUSUZJQ0FURS0tLS0tCk1JSUVMRENDQXBTZ0F3SUJBZ0lRWEhoUzFDc2VXcDdqQXJtUVBNMFVmVEFOQmdrcWhraUc5dzBCQVFzRkFEQXYKTVMwd0t3WURWUVFERXlRNFpqQTBNemN6TXkwMk16RmlMVFJsTm1NdFlXWm1aUzA0T0RSbU0yUTRaR1ZtTkdJdwpJQmNOTWpNeE1qRTJNVEkwTURJMldoZ1BNakExTXpFeU1EZ3hNelF3TWpaYU1DOHhMVEFyQmdOVkJBTVRKRGhtCk1EUXpOek16TFRZek1XSXROR1UyWXkxaFptWmxMVGc0TkdZelpEaGtaV1kwWWpDQ0FhSXdEUVlKS29aSWh2Y04KQVFFQkJRQURnZ0dQQURDQ0FZb0NnZ0dCQUlmMFhyOGJPaWRnVnNKQUZrOG9zN05PbWd0eFA4ZjNzWE5tSGQ0agpPbVFOTm8rNm5jYkRSM1ZMRVNpbWpvVHpsSnplWFpBU3YzMHJBWXVIOVdyRzI1Uzd0RFR5QXpwK21BR0FUN21nCjlMQS8vTEhKOG42R2JiSXJZbjEyaER3VnNmbGV1aUo5UGQ5UisxMUc5RkozSm1uTFRQS3hpZXV5MVNDdDJMaFoKT280VUM3RWtkRDV6aUluTVd5R3VhRU5NczM3b2dEWFMxdklTaW41RUFjMUJ2SnFtYXRzRzJhM3plSHJDc1NPMQpQaGR0TnMxUDZocmFMNEo0MXA0UFpuUDVqVTFPbXBJM1U1Qnd1NjhvcEFjTnU0Ym5FWHFGbEV1TXowVm9vSFlmCnRBeVBhNzhibGJDemozTFJDcW1nWGw0eVZjRkViSkFlcG14Sjh4S0ZFVWNIV0JCK1VBdlF0Z1UwWUh2VTVSdHIKK200b3lsK0EwT1N3Y3k4N05yeDdyOGw4STZkcHNVb2xmTDRJNTc3RWhFd1Y5dTBNV2xPR3lWZ01UY1hueThKQwpQNU5CcHRsTE83YUs1SHVSc1ZDU3hYZUdOMFo4MW04b1FUTXBvV1hTVDV0OUJxbEJwSitDSXhQOHZJTkhZY3M1CnRUTzZ1NW5MRUY0QmVEaVFhMjErdysyM1dRSURBUUFCbzBJd1FEQU9CZ05WSFE4QkFmOEVCQU1DQWdRd0R3WUQKVlIwVEFRSC9CQVV3QXdFQi96QWRCZ05WSFE0RUZnUVVmODF1NUNPL1lQcTBBdC9qeHZKRkxrd3lNd1l3RFFZSgpLb1pJaHZjTkFRRUxCUUFEZ2dHQkFHTDN4Mnk0NlFRaDJ5UXZhU3l3Y05HWkw3dTU2U1ByWlJuU0c1STl4WG9QCmM0RUhHQ2JBWXErZ0RINmdSaXJlV0dRU3I0TnJCM1RMNzQ5djdCNmRFNkNlRmJXL05RUkx5UXoxb29qT1Fhd0IKbEFVTk5mSjJQV05kZXNhOVhYR3M5bGpaa2dydGtrNDdOQU9GcXJOK0pOVFZaV3EyZlJuYldkcTVXZmZzZ2s5eQpIam5UdDFMSEJkR1hSTkMvMHdIcWkxQ0l2Sm5McHhxMGU1dHRCSlprSXNHMDhaZ3BYbDVxcHNZVVhhajZWQm1JCnlueVdHdlJ3UHJYcHY2SlJtcEt3ajZoODJzR0hwWUZmaExJVXptRTFsbnNlOWd6QkJSSHNIM0ROQk5HZHM3a24KMHp0OTROb21KN1FlZ0x4KzVmVllDYk9oK1Vra1BlZWlZMlBlMmdleElCaU92WkdoRnJUbG10SFVSTXU3ZE1Vcgo5cGFVVVNQUzI3bnFhZUhQSjVUTWNKNFZ6UGJPZUdLeXVWK1lUSm1ZeVFaOEkvZTFJOXJrSTBESWxiUERWY2UyCkR1WXhIVUtPR2RrMjQ2V3hqRXd5amxnNzR5Z1NqeE42Sm9RRlo0cmdETXRNeE5Ra3RQdTVuRXR3STZkc1FacVIKSExrY21kc3ErTkZINkUzZkNKcU96UT09Ci0tLS0tRU5EIENFUlRJRklDQVRFLS0tLS0K\n    server: https://34.72.63.14\n  name: main\ncontexts:\n- context:\n    cluster: main\n    user: main\n  name: main\ncurrent-context: main\nkind: Config\npreferences: {}\nusers:\n- name: main\n  user:\n    token: ya29.a0AfB_byDWWh1nkP9VSx7MrVh8W0cokS7RFuRSswi3jT3gZ4eC0m14TE1u2VVNXKiXlNPnO7Ks4oc5DxCFS3eag0AgfimLMCqHwYgFF4OA9cSSAO52Djr5SaPJqkXker5oq7AP76gUyTuJBHr3r9-FAmiISoi_V-JSMLYwsRdsa08_XzhpY-87gp6wrUdYerGwHRKQtkNGwDx7lOgReGXzNgjf3ugZai51myn3gejmPYkG8E7eJVpAIVNrPrAuIe3NpD7ATkVMb_Mhr7jWY-sFTtQNxB2ULn2sqcv0WPJa3jSgJD4kwFdY7SNjvPc5lCrDjYHTewM7m6fkRwtyON__JZVwPVBvtaRfomkRphvJ7Oc-yWvRa-uRUXHNjERqVUXOBosHeCHWB11XwIWmVePM03Cu281bnU14aCgYKAdcSARESFQHGX2Mizd8mnm3lkOaKHTJOQ19_Ow0423\n",
            "content_base64": null,
            "content_base64sha256": "zskwyXAOpEHhE6cwTjywvlb0dj1m0wWWIjTHeAyn5pM=",
            "content_base64sha512": "AGwKSJpvql1dck3xFHxRJCtczq3s9tVz06avxtuSMwrrQooDcsAPp+Na0OijNF3rqRkPid4jtTtwrOxEEDUQyg==",
            "content_md5": "97699f86696629c53accf24414c59968",
            "content_sha1": "2415ee11ef3af6dcc7f971589fdc281b5b7a7470",
            "content_sha256": "cec930c9700ea441e113a7304e3cb0be56f4763d66d305962234c7780ca7e693",
            "content_sha512": "006c0a489a6faa5d5d724df1147c51242b5cceadecf6d573d3a6afc6db92330aeb428a0372c00fa7e35ad0e8a3345deba9190f89de23b53b70acec44103510ca",
            "directory_permission": "0777",
            "file_permission": "0400",
            "filename": "./kubeconfig",
            "id": "2415ee11ef3af6dcc7f971589fdc281b5b7a7470",
            "sensitive_content": null,
            "source": null
          },
          "sensitive_attributes": [
            [
              {
                "type": "get_attr",
                "value": "content"
              }
            ]
          ],
          "dependencies": [
            "google_container_cluster.this",
            "module.gke_auth.data.google_client_config.provider",
            "module.gke_auth.data.google_container_cluster.gke_cluster"
          ]
        }
      ]
    },
    {
      "module": "module.gke_auth",
      "mode": "data",
      "type": "google_client_config",
      "name": "provider",
      "provider": "provider[\"registry.terraform.io/hashicorp/google\"]",
      "instances": [
        {
          "schema_version": 0,
          "attributes": {
            "access_token": "ya29.a0AfB_byDWWh1nkP9VSx7MrVh8W0cokS7RFuRSswi3jT3gZ4eC0m14TE1u2VVNXKiXlNPnO7Ks4oc5DxCFS3eag0AgfimLMCqHwYgFF4OA9cSSAO52Djr5SaPJqkXker5oq7AP76gUyTuJBHr3r9-FAmiISoi_V-JSMLYwsRdsa08_XzhpY-87gp6wrUdYerGwHRKQtkNGwDx7lOgReGXzNgjf3ugZai51myn3gejmPYkG8E7eJVpAIVNrPrAuIe3NpD7ATkVMb_Mhr7jWY-sFTtQNxB2ULn2sqcv0WPJa3jSgJD4kwFdY7SNjvPc5lCrDjYHTewM7m6fkRwtyON__JZVwPVBvtaRfomkRphvJ7Oc-yWvRa-uRUXHNjERqVUXOBosHeCHWB11XwIWmVePM03Cu281bnU14aCgYKAdcSARESFQHGX2Mizd8mnm3lkOaKHTJOQ19_Ow0423",
            "id": "projects/k8s-k3s-405618/regions/us-central1-c/zones/",
            "project": "k8s-k3s-405618",
            "region": "us-central1-c",
            "zone": ""
          },
          "sensitive_attributes": []
        }
      ]
    },
    {
      "module": "module.gke_auth",
      "mode": "data",
      "type": "google_container_cluster",
      "name": "gke_cluster",
      "provider": "provider[\"registry.terraform.io/hashicorp/google\"]",
      "instances": [
        {
          "schema_version": 0,
          "attributes": {
            "addons_config": [
              {
                "cloudrun_config": [],
                "config_connector_config": [],
                "dns_cache_config": [],
                "gce_persistent_disk_csi_driver_config": [
                  {
                    "enabled": true
                  }
                ],
                "gcp_filestore_csi_driver_config": [],
                "gke_backup_agent_config": [],
                "horizontal_pod_autoscaling": [],
                "http_load_balancing": [],
                "network_policy_config": [
                  {
                    "disabled": true
                  }
                ]
              }
            ],
            "authenticator_groups_config": [],
            "binary_authorization": [
              {
                "enabled": false,
                "evaluation_mode": ""
              }
            ],
            "cluster_autoscaling": [
              {
                "auto_provisioning_defaults": [],
                "enabled": false,
                "resource_limits": []
              }
            ],
            "cluster_ipv4_cidr": "10.0.0.0/14",
            "confidential_nodes": [],
            "cost_management_config": [],
            "database_encryption": [
              {
                "key_name": "",
                "state": "DECRYPTED"
              }
            ],
            "datapath_provider": "",
            "default_max_pods_per_node": null,
            "default_snat_status": [
              {
                "disabled": false
              }
            ],
            "description": "",
            "dns_config": [],
            "enable_autopilot": false,
            "enable_binary_authorization": false,
            "enable_intranode_visibility": false,
            "enable_kubernetes_alpha": false,
            "enable_l4_ilb_subsetting": false,
            "enable_legacy_abac": false,
            "enable_shielded_nodes": true,
            "enable_tpu": false,
            "endpoint": "34.72.63.14",
            "gateway_api_config": [],
            "id": "projects/k8s-k3s-405618/locations/us-central1-c/clusters/main",
            "initial_node_count": 1,
            "ip_allocation_policy": [],
            "label_fingerprint": "a9dc16a7",
            "location": "us-central1-c",
            "logging_config": [
              {
                "enable_components": [
                  "SYSTEM_COMPONENTS",
                  "WORKLOADS"
                ]
              }
            ],
            "logging_service": "logging.googleapis.com/kubernetes",
            "maintenance_policy": [],
            "master_auth": [
              {
                "client_certificate": "",
                "client_certificate_config": [
                  {
                    "issue_client_certificate": false
                  }
                ],
                "client_key": "",
                "cluster_ca_certificate": "LS0tLS1CRUdJTiBDRVJUSUZJQ0FURS0tLS0tCk1JSUVMRENDQXBTZ0F3SUJBZ0lRWEhoUzFDc2VXcDdqQXJtUVBNMFVmVEFOQmdrcWhraUc5dzBCQVFzRkFEQXYKTVMwd0t3WURWUVFERXlRNFpqQTBNemN6TXkwMk16RmlMVFJsTm1NdFlXWm1aUzA0T0RSbU0yUTRaR1ZtTkdJdwpJQmNOTWpNeE1qRTJNVEkwTURJMldoZ1BNakExTXpFeU1EZ3hNelF3TWpaYU1DOHhMVEFyQmdOVkJBTVRKRGhtCk1EUXpOek16TFRZek1XSXROR1UyWXkxaFptWmxMVGc0TkdZelpEaGtaV1kwWWpDQ0FhSXdEUVlKS29aSWh2Y04KQVFFQkJRQURnZ0dQQURDQ0FZb0NnZ0dCQUlmMFhyOGJPaWRnVnNKQUZrOG9zN05PbWd0eFA4ZjNzWE5tSGQ0agpPbVFOTm8rNm5jYkRSM1ZMRVNpbWpvVHpsSnplWFpBU3YzMHJBWXVIOVdyRzI1Uzd0RFR5QXpwK21BR0FUN21nCjlMQS8vTEhKOG42R2JiSXJZbjEyaER3VnNmbGV1aUo5UGQ5UisxMUc5RkozSm1uTFRQS3hpZXV5MVNDdDJMaFoKT280VUM3RWtkRDV6aUluTVd5R3VhRU5NczM3b2dEWFMxdklTaW41RUFjMUJ2SnFtYXRzRzJhM3plSHJDc1NPMQpQaGR0TnMxUDZocmFMNEo0MXA0UFpuUDVqVTFPbXBJM1U1Qnd1NjhvcEFjTnU0Ym5FWHFGbEV1TXowVm9vSFlmCnRBeVBhNzhibGJDemozTFJDcW1nWGw0eVZjRkViSkFlcG14Sjh4S0ZFVWNIV0JCK1VBdlF0Z1UwWUh2VTVSdHIKK200b3lsK0EwT1N3Y3k4N05yeDdyOGw4STZkcHNVb2xmTDRJNTc3RWhFd1Y5dTBNV2xPR3lWZ01UY1hueThKQwpQNU5CcHRsTE83YUs1SHVSc1ZDU3hYZUdOMFo4MW04b1FUTXBvV1hTVDV0OUJxbEJwSitDSXhQOHZJTkhZY3M1CnRUTzZ1NW5MRUY0QmVEaVFhMjErdysyM1dRSURBUUFCbzBJd1FEQU9CZ05WSFE4QkFmOEVCQU1DQWdRd0R3WUQKVlIwVEFRSC9CQVV3QXdFQi96QWRCZ05WSFE0RUZnUVVmODF1NUNPL1lQcTBBdC9qeHZKRkxrd3lNd1l3RFFZSgpLb1pJaHZjTkFRRUxCUUFEZ2dHQkFHTDN4Mnk0NlFRaDJ5UXZhU3l3Y05HWkw3dTU2U1ByWlJuU0c1STl4WG9QCmM0RUhHQ2JBWXErZ0RINmdSaXJlV0dRU3I0TnJCM1RMNzQ5djdCNmRFNkNlRmJXL05RUkx5UXoxb29qT1Fhd0IKbEFVTk5mSjJQV05kZXNhOVhYR3M5bGpaa2dydGtrNDdOQU9GcXJOK0pOVFZaV3EyZlJuYldkcTVXZmZzZ2s5eQpIam5UdDFMSEJkR1hSTkMvMHdIcWkxQ0l2Sm5McHhxMGU1dHRCSlprSXNHMDhaZ3BYbDVxcHNZVVhhajZWQm1JCnlueVdHdlJ3UHJYcHY2SlJtcEt3ajZoODJzR0hwWUZmaExJVXptRTFsbnNlOWd6QkJSSHNIM0ROQk5HZHM3a24KMHp0OTROb21KN1FlZ0x4KzVmVllDYk9oK1Vra1BlZWlZMlBlMmdleElCaU92WkdoRnJUbG10SFVSTXU3ZE1Vcgo5cGFVVVNQUzI3bnFhZUhQSjVUTWNKNFZ6UGJPZUdLeXVWK1lUSm1ZeVFaOEkvZTFJOXJrSTBESWxiUERWY2UyCkR1WXhIVUtPR2RrMjQ2V3hqRXd5amxnNzR5Z1NqeE42Sm9RRlo0cmdETXRNeE5Ra3RQdTVuRXR3STZkc1FacVIKSExrY21kc3ErTkZINkUzZkNKcU96UT09Ci0tLS0tRU5EIENFUlRJRklDQVRFLS0tLS0K"
              }
            ],
            "master_authorized_networks_config": [],
            "master_version": "1.27.3-gke.100",
            "mesh_certificates": [],
            "min_master_version": null,
            "monitoring_config": [
              {
                "enable_components": [
                  "SYSTEM_COMPONENTS"
                ],
                "managed_prometheus": [
                  {
                    "enabled": true
                  }
                ]
              }
            ],
            "monitoring_service": "monitoring.googleapis.com/kubernetes",
            "name": "main",
            "network": "projects/k8s-k3s-405618/global/networks/default",
            "network_policy": [
              {
                "enabled": false,
                "provider": "PROVIDER_UNSPECIFIED"
              }
            ],
            "networking_mode": "ROUTES",
            "node_config": [],
            "node_locations": [],
            "node_pool": [],
            "node_pool_defaults": [
              {
                "node_config_defaults": [
                  {
                    "logging_variant": "DEFAULT"
                  }
                ]
              }
            ],
            "node_version": "1.27.3-gke.100",
            "notification_config": [
              {
                "pubsub": [
                  {
                    "enabled": false,
                    "filter": [],
                    "topic": ""
                  }
                ]
              }
            ],
            "operation": null,
            "private_cluster_config": [
              {
                "enable_private_endpoint": false,
                "enable_private_nodes": false,
                "master_global_access_config": [
                  {
                    "enabled": false
                  }
                ],
                "master_ipv4_cidr_block": "",
                "peering_name": "",
                "private_endpoint": "10.128.0.17",
                "private_endpoint_subnetwork": "",
                "public_endpoint": "34.72.63.14"
              }
            ],
            "private_ipv6_google_access": "",
            "project": "k8s-k3s-405618",
            "release_channel": [
              {
                "channel": "REGULAR"
              }
            ],
            "remove_default_node_pool": null,
            "resource_labels": {},
            "resource_usage_export_config": [],
            "self_link": "https://container.googleapis.com/v1/projects/k8s-k3s-405618/zones/us-central1-c/clusters/main",
            "service_external_ips_config": [
              {
                "enabled": false
              }
            ],
            "services_ipv4_cidr": "10.3.240.0/20",
            "subnetwork": "projects/k8s-k3s-405618/regions/us-central1/subnetworks/default",
            "tpu_ipv4_cidr_block": "",
            "vertical_pod_autoscaling": [],
            "workload_identity_config": [
              {
                "workload_pool": "k8s-k3s-405618.svc.id.goog"
              }
            ]
          },
          "sensitive_attributes": []
        }
      ]
    }
  ],
  "check_results": null
}
