{
  "version": 4,
  "terraform_version": "1.6.5",
  "serial": 3,
  "lineage": "b131e91e-ed51-5970-fef4-ad1983547276",
  "outputs": {},
  "resources": [
    {
      "mode": "managed",
      "type": "google_container_cluster",
      "name": "demo",
      "provider": "provider[\"registry.terraform.io/hashicorp/google\"]",
      "instances": [
        {
          "schema_version": 1,
          "attributes": {
            "addons_config": [
              {
                "cloudrun_config": [],
                "config_connector_config": [],
                "dns_cache_config": [],
                "gce_persistent_disk_csi_driver_config": [
                  {
                    "enabled": true
                  }
                ],
                "gcp_filestore_csi_driver_config": [],
                "gke_backup_agent_config": [],
                "horizontal_pod_autoscaling": [],
                "http_load_balancing": [],
                "network_policy_config": [
                  {
                    "disabled": true
                  }
                ]
              }
            ],
            "authenticator_groups_config": [],
            "binary_authorization": [
              {
                "enabled": false,
                "evaluation_mode": ""
              }
            ],
            "cluster_autoscaling": [
              {
                "auto_provisioning_defaults": [],
                "enabled": false,
                "resource_limits": []
              }
            ],
            "cluster_ipv4_cidr": "10.48.0.0/14",
            "confidential_nodes": [],
            "cost_management_config": [],
            "database_encryption": [
              {
                "key_name": "",
                "state": "DECRYPTED"
              }
            ],
            "datapath_provider": "",
            "default_max_pods_per_node": null,
            "default_snat_status": [
              {
                "disabled": false
              }
            ],
            "description": "",
            "dns_config": [],
            "enable_autopilot": false,
            "enable_binary_authorization": false,
            "enable_intranode_visibility": false,
            "enable_kubernetes_alpha": false,
            "enable_l4_ilb_subsetting": false,
            "enable_legacy_abac": false,
            "enable_shielded_nodes": true,
            "enable_tpu": false,
            "endpoint": "34.27.155.25",
            "gateway_api_config": [],
            "id": "projects/vit-um/locations/us-central1-c/clusters/demo",
            "initial_node_count": 1,
            "ip_allocation_policy": [],
            "label_fingerprint": "a9dc16a7",
            "location": "us-central1-c",
            "logging_config": [
              {
                "enable_components": [
                  "SYSTEM_COMPONENTS",
                  "WORKLOADS"
                ]
              }
            ],
            "logging_service": "logging.googleapis.com/kubernetes",
            "maintenance_policy": [],
            "master_auth": [
              {
                "client_certificate": "",
                "client_certificate_config": [
                  {
                    "issue_client_certificate": false
                  }
                ],
                "client_key": "",
                "cluster_ca_certificate": "LS0tLS1CRUdJTiBDRVJUSUZJQ0FURS0tLS0tCk1JSUVMVENDQXBXZ0F3SUJBZ0lSQUtKS3dLZHk3UUdhOEZzK2p2U216c013RFFZSktvWklodmNOQVFFTEJRQXcKTHpFdE1Dc0dBMVVFQXhNa01tUTBZVFF4TkdNdE4ySTNPQzAwTURjNUxXSm1OVFF0WmpFMVpqTmhZelJtWVRVMQpNQ0FYRFRJek1USXhOREUyTURFME1Gb1lEekl3TlRNeE1qQTJNVGN3TVRRd1dqQXZNUzB3S3dZRFZRUURFeVF5ClpEUmhOREUwWXkwM1lqYzRMVFF3TnprdFltWTFOQzFtTVRWbU0yRmpOR1poTlRVd2dnR2lNQTBHQ1NxR1NJYjMKRFFFQkFRVUFBNElCandBd2dnR0tBb0lCZ1FDc3Q2QTRBZVAwRzhYWTNzV3FoMnF4SEdlNEtLK3l2VWpzN005Tgo2VjJFUEo5QURYMnNjT1crOGdmNTZaUHRBV0NsQ2RMd0diQzBIdTJpbldHNTNkYkdjZ2RrWElXT20rQk5vMGZJCloxcmtCelA1QmVEY0xoblE5cHlzT0VtT0dkRVFwdHBKZ3hRNHl5REQvOHA0VU9FbVV4NS9ZUTBVYThQcXRBQU4KY3ljQ01keXlJZGNpcGFxVW9aeHIyd0NQWEpHM1hBNk1lZjFVK1ErQkM0SFY5MHRLMlZQVEtYeDdLN2NGNkN2ego3Ym9Pa0F5aDdKbFFZT1VWZzVnWWlacXhkamRRc1djRk1TVWh2TEhMQmI2MXdlZkxLV0pPVDhRNkx5SmdwRXF3CkxzRTFPYlc5cU50bXY3cHZCcVZSSUdTMTJIVElyemVSSHFWcHY3cVR1dERVdXR0Q1Rpd0ZoYWc4UTVIcXVUN0gKSk9qRkJQZnlrVmlKTklISDNNTExGdm83Z3UwZ2tlVkNLd0dVT2RxMEw5ei9OZDQ1VWQ2ZURicFBMcDBrMjhNWQpIVHl0WER2TFFHRlFOMFJBTkRuQVRKQkpUdE95WTI3K2JpTEJ2QkxWcjhCZW9mLy9UZkUzTzdkM3EvVS9KeXpjCk9oUjgvaDlqUjZISm1xUVVta2VLRUM2UktkVUNBd0VBQWFOQ01FQXdEZ1lEVlIwUEFRSC9CQVFEQWdJRU1BOEcKQTFVZEV3RUIvd1FGTUFNQkFmOHdIUVlEVlIwT0JCWUVGQmtIaC9kOTErd1NXN0FKWUVtcVFhSTRERTBpTUEwRwpDU3FHU0liM0RRRUJDd1VBQTRJQmdRQnhWYmJyZkczUGJ5aS9FbytYZFhlN2FLTXlkTWovNXhYYmxNaWhmVCtSCkFrOHNHUG8zWDFNTThrL2VSRWtKYnJxTlhhamZ0RzlxcXRLZkM4U3BpcE94bkFuVU92bVllelg5N3dVVTN3WkMKNmxKK0pOcWVTRlhFZG9neGlEVkhuUng5YmY0TmJKZ0plcFVSbTFiNS9ZOHlCVitKTGsyM0V4YysycFNvajkvRwpyZFFyWTNlTmpHaGQ3K3JjT1BKTUlnN0JMaGYzSVBvNG41SStCQktQVzlzanNpMWU2VDR3dWpSVU81ejc4NFN3CldUaVFSaXlLUWwvbnNWK3FqWGYrU1lmanBpSHRVWEN2WC9Ha01HZGM0WlJzTVN0WWprOFdZUnpTS2tmUEhiSFoKVGNzQXpJU2RTWWRCYXk1RUg1bTBZcUVkVXFxbGJtbjcyREdzYkFxb0pHdC9uVll6QVVnb215SHRlUytBNzFyUgpWSFZ4VjNGclU0OUR0cUNKTmZPK0h6dDZkVjNOZUtEVWJQNVV5WDBwMkdycENMeEhJRnZtY1hXOElJUHc4WnVhCldVQ2FOOXV2KzdCZ21raWY5bWpWd2V5YlFYcGg4bmM1WXVNSXN6eTVwSi9ERnJva3VhaHN2OTArQTJ4T1k3cEkKLzFvTVNUaFB5ajhYS1ZJV05yMXVNQkU9Ci0tLS0tRU5EIENFUlRJRklDQVRFLS0tLS0K"
              }
            ],
            "master_authorized_networks_config": [],
            "master_version": "1.27.3-gke.100",
            "mesh_certificates": [],
            "min_master_version": null,
            "monitoring_config": [
              {
                "enable_components": [
                  "SYSTEM_COMPONENTS"
                ],
                "managed_prometheus": [
                  {
                    "enabled": true
                  }
                ]
              }
            ],
            "monitoring_service": "monitoring.googleapis.com/kubernetes",
            "name": "demo",
            "network": "projects/vit-um/global/networks/default",
            "network_policy": [
              {
                "enabled": false,
                "provider": "PROVIDER_UNSPECIFIED"
              }
            ],
            "networking_mode": "ROUTES",
            "node_config": [],
            "node_locations": [],
            "node_pool": [],
            "node_pool_defaults": [
              {
                "node_config_defaults": [
                  {
                    "logging_variant": "DEFAULT"
                  }
                ]
              }
            ],
            "node_version": "1.27.3-gke.100",
            "notification_config": [
              {
                "pubsub": [
                  {
                    "enabled": false,
                    "filter": [],
                    "topic": ""
                  }
                ]
              }
            ],
            "operation": null,
            "private_cluster_config": [
              {
                "enable_private_endpoint": false,
                "enable_private_nodes": false,
                "master_global_access_config": [
                  {
                    "enabled": false
                  }
                ],
                "master_ipv4_cidr_block": "",
                "peering_name": "",
                "private_endpoint": "10.128.0.2",
                "private_endpoint_subnetwork": "",
                "public_endpoint": "34.27.155.25"
              }
            ],
            "private_ipv6_google_access": "",
            "project": "vit-um",
            "release_channel": [
              {
                "channel": "REGULAR"
              }
            ],
            "remove_default_node_pool": true,
            "resource_labels": null,
            "resource_usage_export_config": [],
            "self_link": "https://container.googleapis.com/v1/projects/vit-um/zones/us-central1-c/clusters/demo",
            "service_external_ips_config": [
              {
                "enabled": false
              }
            ],
            "services_ipv4_cidr": "10.51.240.0/20",
            "subnetwork": "projects/vit-um/regions/us-central1/subnetworks/default",
            "timeouts": null,
            "tpu_ipv4_cidr_block": "",
            "vertical_pod_autoscaling": [],
            "workload_identity_config": []
          },
          "sensitive_attributes": [],
          "private": "eyJlMmJmYjczMC1lY2FhLTExZTYtOGY4OC0zNDM2M2JjN2M0YzAiOnsiY3JlYXRlIjoyNDAwMDAwMDAwMDAwLCJkZWxldGUiOjI0MDAwMDAwMDAwMDAsInJlYWQiOjI0MDAwMDAwMDAwMDAsInVwZGF0ZSI6MzYwMDAwMDAwMDAwMH0sInNjaGVtYV92ZXJzaW9uIjoiMSJ9"
        }
      ]
    },
    {
      "mode": "managed",
      "type": "google_container_node_pool",
      "name": "main",
      "provider": "provider[\"registry.terraform.io/hashicorp/google\"]",
      "instances": [
        {
          "schema_version": 1,
          "attributes": {
            "autoscaling": [],
            "cluster": "demo",
            "id": "projects/vit-um/locations/us-central1-c/clusters/demo/nodePools/main",
            "initial_node_count": 2,
            "instance_group_urls": [
              "https://www.googleapis.com/compute/v1/projects/vit-um/zones/us-central1-c/instanceGroupManagers/gke-demo-main-dabeec79-grp"
            ],
            "location": "us-central1-c",
            "managed_instance_group_urls": [
              "https://www.googleapis.com/compute/v1/projects/vit-um/zones/us-central1-c/instanceGroups/gke-demo-main-dabeec79-grp"
            ],
            "management": [
              {
                "auto_repair": true,
                "auto_upgrade": true
              }
            ],
            "max_pods_per_node": null,
            "name": "main",
            "name_prefix": "",
            "network_config": [
              {
                "create_pod_range": false,
                "enable_private_nodes": false,
                "pod_ipv4_cidr_block": "",
                "pod_range": ""
              }
            ],
            "node_config": [
              {
                "boot_disk_kms_key": "",
                "disk_size_gb": 100,
                "disk_type": "pd-balanced",
                "gcfs_config": [],
                "guest_accelerator": [],
                "gvnic": [],
                "image_type": "COS_CONTAINERD",
                "kubelet_config": [],
                "labels": {},
                "linux_node_config": [],
                "local_ssd_count": 0,
                "logging_variant": "DEFAULT",
                "machine_type": "g1-small",
                "metadata": {
                  "disable-legacy-endpoints": "true"
                },
                "min_cpu_platform": "",
                "node_group": "",
                "oauth_scopes": [
                  "https://www.googleapis.com/auth/devstorage.read_only",
                  "https://www.googleapis.com/auth/logging.write",
                  "https://www.googleapis.com/auth/monitoring",
                  "https://www.googleapis.com/auth/service.management.readonly",
                  "https://www.googleapis.com/auth/servicecontrol",
                  "https://www.googleapis.com/auth/trace.append"
                ],
                "preemptible": false,
                "reservation_affinity": [],
                "resource_labels": null,
                "service_account": "default",
                "shielded_instance_config": [
                  {
                    "enable_integrity_monitoring": true,
                    "enable_secure_boot": false
                  }
                ],
                "spot": false,
                "tags": null,
                "taint": [],
                "workload_metadata_config": []
              }
            ],
            "node_count": 2,
            "node_locations": [
              "us-central1-c"
            ],
            "operation": null,
            "placement_policy": [],
            "project": "vit-um",
            "timeouts": null,
            "upgrade_settings": [
              {
                "blue_green_settings": [],
                "max_surge": 1,
                "max_unavailable": 0,
                "strategy": "SURGE"
              }
            ],
            "version": "1.27.3-gke.100"
          },
          "sensitive_attributes": [],
          "private": "eyJlMmJmYjczMC1lY2FhLTExZTYtOGY4OC0zNDM2M2JjN2M0YzAiOnsiY3JlYXRlIjoxODAwMDAwMDAwMDAwLCJkZWxldGUiOjE4MDAwMDAwMDAwMDAsInVwZGF0ZSI6MTgwMDAwMDAwMDAwMH0sInNjaGVtYV92ZXJzaW9uIjoiMSJ9",
          "dependencies": [
            "google_container_cluster.demo"
          ]
        }
      ]
    }
  ],
  "check_results": null
}
