{
  "version": 4,
  "terraform_version": "1.5.7",
  "serial": 6,
  "lineage": "3831e936-3ffd-2ee7-7fa1-f9462184bd11",
  "outputs": {
    "kubeconfig": {
      "value": "./kubeconfig",
      "type": "string"
    }
  },
  "resources": [
    {
      "mode": "managed",
      "type": "google_container_cluster",
      "name": "this",
      "provider": "provider[\"registry.terraform.io/hashicorp/google\"]",
      "instances": [
        {
          "schema_version": 1,
          "attributes": {
            "addons_config": [
              {
                "cloudrun_config": [],
                "config_connector_config": [],
                "dns_cache_config": [],
                "gce_persistent_disk_csi_driver_config": [
                  {
                    "enabled": true
                  }
                ],
                "gcp_filestore_csi_driver_config": [],
                "gke_backup_agent_config": [],
                "horizontal_pod_autoscaling": [],
                "http_load_balancing": [],
                "network_policy_config": [
                  {
                    "disabled": true
                  }
                ]
              }
            ],
            "authenticator_groups_config": [],
            "binary_authorization": [
              {
                "enabled": false,
                "evaluation_mode": ""
              }
            ],
            "cluster_autoscaling": [
              {
                "auto_provisioning_defaults": [],
                "enabled": false,
                "resource_limits": []
              }
            ],
            "cluster_ipv4_cidr": "10.96.0.0/14",
            "confidential_nodes": [],
            "cost_management_config": [],
            "database_encryption": [
              {
                "key_name": "",
                "state": "DECRYPTED"
              }
            ],
            "datapath_provider": "",
            "default_max_pods_per_node": null,
            "default_snat_status": [
              {
                "disabled": false
              }
            ],
            "description": "",
            "dns_config": [],
            "enable_autopilot": false,
            "enable_binary_authorization": false,
            "enable_intranode_visibility": false,
            "enable_kubernetes_alpha": false,
            "enable_l4_ilb_subsetting": false,
            "enable_legacy_abac": false,
            "enable_shielded_nodes": true,
            "enable_tpu": false,
            "endpoint": "34.78.215.160",
            "gateway_api_config": [],
            "id": "projects/w5p6-431011/locations/europe-west1-b/clusters/p71",
            "initial_node_count": 1,
            "ip_allocation_policy": [],
            "label_fingerprint": "a9dc16a7",
            "location": "europe-west1-b",
            "logging_config": [
              {
                "enable_components": [
                  "SYSTEM_COMPONENTS",
                  "WORKLOADS"
                ]
              }
            ],
            "logging_service": "logging.googleapis.com/kubernetes",
            "maintenance_policy": [],
            "master_auth": [
              {
                "client_certificate": "",
                "client_certificate_config": [
                  {
                    "issue_client_certificate": false
                  }
                ],
                "client_key": "",
                "cluster_ca_certificate": "LS0tLS1CRUdJTiBDRVJUSUZJQ0FURS0tLS0tCk1JSUVMVENDQXBXZ0F3SUJBZ0lSQU9KVDkzajNhVFN3SitoNVlTMzdBRzR3RFFZSktvWklodmNOQVFFTEJRQXcKTHpFdE1Dc0dBMVVFQXhNa056VXhaVEEwWkdZdE56SXlOaTAwTWpRMkxXRTVaRGd0TVdGbVlXTXhNV0poTm1aaApNQ0FYRFRJME1EZ3hNREE1TWpNek5Wb1lEekl3TlRRd09EQXpNVEF5TXpNMVdqQXZNUzB3S3dZRFZRUURFeVEzCk5URmxNRFJrWmkwM01qSTJMVFF5TkRZdFlUbGtPQzB4WVdaaFl6RXhZbUUyWm1Fd2dnR2lNQTBHQ1NxR1NJYjMKRFFFQkFRVUFBNElCandBd2dnR0tBb0lCZ1FDdUkvdW16eDZrN1MrTkc0Q0lFMmcxMVRFa1EvRHlkZEU1a1RjOApsYmZWVW1uR2dYODA5TzF3QlpMVDJNVVk1bFM2YXRBRmMxQkl6ZXRTelJRQUFGbllieUNORDc1RmFZSTdFaGthCjJxL05iMDV6bHZvVmd6MGl3b05oMXp5WVBhMmliMEFYYlNTc1Z0YXh1RG5rVlVzUGNXY0tmaWVIY0FxSnJZUTQKenV1QzZGYW5UU1ZpaENnYkR6NFNPb1RoTmx6VTNEdVJ4aUpLbmhwNStNTkFrQVY1anFlV0YrQSthTklJMVRNbQp3ZnhBT3NXSDlGNnNZcHNrRTJmbWgxM0hmUjFIM2NNRDNBcENHL3hUVUUremNOUXhnODh2MWVpNWp3U0xIWm10CnZ6OGdvbFJBcHdTeTR2cnZiMytDYW1BREU5R09YNWUrUlphQ2tVKy9jNW5KOG9QU0FJb202ZUM1WVRoMVlkZmUKSUlISFNnSXlwa0tIbkY2VURJV0pnb05EUmkyUEtuamVDODBGQ1NDTTlScU5IY2VkeGVxV2d6U3VEZHVoc2pEdgp5UlF1L01zU2JGL1BidUg2dDM2amV5RnBzVHZhSWJjVk0zOG43K3hrZ3BxMmRLZkxSSlNXU1MyMTBZaGJlK3IzCmkyU2V1R1AvQ2ZZRndpeVIwQU0zNWJYTUNMTUNBd0VBQWFOQ01FQXdEZ1lEVlIwUEFRSC9CQVFEQWdJRU1BOEcKQTFVZEV3RUIvd1FGTUFNQkFmOHdIUVlEVlIwT0JCWUVGRDVzTXYwNllUZ0hFNTlqZVdhdG12VFZjazMxTUEwRwpDU3FHU0liM0RRRUJDd1VBQTRJQmdRQTFCcWFNR25EUnhObkFvNUhJdFlpclZjNW41ZkJaUGEzTnVzYWJtQXQ4CmdKcUhBakdRRFk1U0l3RjdMZldXeGh0bnNPTEt2MVZKNTZuL014bFA3OUNDaVdvemU3T1NZNzluV0h3eGZxNXYKZ3p5eDhleldRZkZoazJpYkoyVTNsSVJRdUtFWnByeWFTcWVWRW1LN3JYNCtFSTBmQUczSVpyclEvWExtcXlYLwpOdlVkK2dVbFlnN05OaFZ5RmlKU0gyRXAyalhpV1o5UVVxKzdDcW1NRm5yN0hWWGhwRGw0S2xLU3VUNHMwU3h3CmZST2xKOHFsYXI3SlUxU1o0aU5xNHJnN1JsU1VyVnlBSjltWW9zTEpTT1AwQ25SekpKTFlYbjlTQ0R5b0lWY24Kd3JQT0Q2azhKZEV1ZCtPVkxZZFprRVN1R3MzdWw5S2l4WTZQcGpzeFQvZ0JUNno3LzludUJKVHl5YmFhRHVzTwpLK0VHc0U1SDd5UjRHSmkvWFAyZVl6VkpadDhVT0g0eXhmS1JhbGFNR3VZS2RJSHpPdkI2Q1A3YkhJajJBSXM0Cjd4S2hZNUg1dU9SemFqRnVWNmRyd3ZrbGVaVi9LUXVaTmx3emFmNEY0WlBYUTlocTVMMXpKRHNVYkxWbC83T3QKZGZZaXM1UnNMOVYvWWUxdU5udG9CSEE9Ci0tLS0tRU5EIENFUlRJRklDQVRFLS0tLS0K"
              }
            ],
            "master_authorized_networks_config": [],
            "master_version": "1.29.6-gke.1326000",
            "mesh_certificates": [],
            "min_master_version": null,
            "monitoring_config": [
              {
                "enable_components": [
                  "SYSTEM_COMPONENTS",
                  "STORAGE",
                  "HPA",
                  "POD",
                  "DAEMONSET",
                  "DEPLOYMENT",
                  "STATEFULSET",
                  "CADVISOR",
                  "KUBELET"
                ],
                "managed_prometheus": [
                  {
                    "enabled": true
                  }
                ]
              }
            ],
            "monitoring_service": "monitoring.googleapis.com/kubernetes",
            "name": "p71",
            "network": "projects/w5p6-431011/global/networks/default",
            "network_policy": [
              {
                "enabled": false,
                "provider": "PROVIDER_UNSPECIFIED"
              }
            ],
            "networking_mode": "ROUTES",
            "node_config": [],
            "node_locations": [],
            "node_pool": [],
            "node_pool_defaults": [
              {
                "node_config_defaults": [
                  {
                    "logging_variant": "DEFAULT"
                  }
                ]
              }
            ],
            "node_version": "1.29.6-gke.1326000",
            "notification_config": [
              {
                "pubsub": [
                  {
                    "enabled": false,
                    "filter": [],
                    "topic": ""
                  }
                ]
              }
            ],
            "operation": null,
            "private_cluster_config": [
              {
                "enable_private_endpoint": false,
                "enable_private_nodes": false,
                "master_global_access_config": [
                  {
                    "enabled": false
                  }
                ],
                "master_ipv4_cidr_block": "",
                "peering_name": "",
                "private_endpoint": "10.132.0.8",
                "private_endpoint_subnetwork": "",
                "public_endpoint": "34.78.215.160"
              }
            ],
            "private_ipv6_google_access": "",
            "project": "w5p6-431011",
            "release_channel": [
              {
                "channel": "REGULAR"
              }
            ],
            "remove_default_node_pool": true,
            "resource_labels": null,
            "resource_usage_export_config": [],
            "self_link": "https://container.googleapis.com/v1/projects/w5p6-431011/zones/europe-west1-b/clusters/p71",
            "service_external_ips_config": [
              {
                "enabled": false
              }
            ],
            "services_ipv4_cidr": "10.99.240.0/20",
            "subnetwork": "projects/w5p6-431011/regions/europe-west1/subnetworks/default",
            "timeouts": null,
            "tpu_ipv4_cidr_block": "",
            "vertical_pod_autoscaling": [],
            "workload_identity_config": [
              {
                "workload_pool": "w5p6-431011.svc.id.goog"
              }
            ]
          },
          "sensitive_attributes": [],
          "private": "eyJlMmJmYjczMC1lY2FhLTExZTYtOGY4OC0zNDM2M2JjN2M0YzAiOnsiY3JlYXRlIjoyNDAwMDAwMDAwMDAwLCJkZWxldGUiOjI0MDAwMDAwMDAwMDAsInJlYWQiOjI0MDAwMDAwMDAwMDAsInVwZGF0ZSI6MzYwMDAwMDAwMDAwMH0sInNjaGVtYV92ZXJzaW9uIjoiMSJ9"
        }
      ]
    },
    {
      "mode": "managed",
      "type": "google_container_node_pool",
      "name": "this",
      "provider": "provider[\"registry.terraform.io/hashicorp/google\"]",
      "instances": [
        {
          "status": "tainted",
          "schema_version": 1,
          "attributes": {
            "autoscaling": [],
            "cluster": "p71",
            "id": "projects/w5p6-431011/locations/europe-west1-b/clusters/p71/nodePools/main",
            "initial_node_count": null,
            "instance_group_urls": null,
            "location": "europe-west1-b",
            "managed_instance_group_urls": null,
            "management": null,
            "max_pods_per_node": null,
            "name": "main",
            "name_prefix": null,
            "network_config": null,
            "node_config": [
              {
                "boot_disk_kms_key": "",
                "disk_size_gb": 0,
                "disk_type": "",
                "gcfs_config": [],
                "guest_accelerator": [],
                "gvnic": [],
                "image_type": "",
                "kubelet_config": [],
                "labels": {},
                "linux_node_config": [],
                "local_ssd_count": 0,
                "logging_variant": "DEFAULT",
                "machine_type": "g1-small",
                "metadata": {},
                "min_cpu_platform": "",
                "node_group": "",
                "oauth_scopes": [],
                "preemptible": false,
                "reservation_affinity": [],
                "resource_labels": null,
                "service_account": "",
                "shielded_instance_config": [],
                "spot": false,
                "tags": null,
                "taint": [],
                "workload_metadata_config": []
              }
            ],
            "node_count": 3,
            "node_locations": [],
            "operation": null,
            "placement_policy": [],
            "project": "w5p6-431011",
            "timeouts": null,
            "upgrade_settings": null,
            "version": null
          },
          "sensitive_attributes": [],
          "private": "eyJlMmJmYjczMC1lY2FhLTExZTYtOGY4OC0zNDM2M2JjN2M0YzAiOnsiY3JlYXRlIjoxODAwMDAwMDAwMDAwLCJkZWxldGUiOjE4MDAwMDAwMDAwMDAsInVwZGF0ZSI6MTgwMDAwMDAwMDAwMH0sInNjaGVtYV92ZXJzaW9uIjoiMSJ9",
          "dependencies": [
            "google_container_cluster.this"
          ]
        }
      ]
    },
    {
      "mode": "managed",
      "type": "local_file",
      "name": "kubeconfig",
      "provider": "provider[\"registry.terraform.io/hashicorp/local\"]",
      "instances": [
        {
          "schema_version": 0,
          "attributes": {
            "content": "apiVersion: v1\nclusters:\n- cluster:\n    certificate-authority-data: LS0tLS1CRUdJTiBDRVJUSUZJQ0FURS0tLS0tCk1JSUVMVENDQXBXZ0F3SUJBZ0lSQU9KVDkzajNhVFN3SitoNVlTMzdBRzR3RFFZSktvWklodmNOQVFFTEJRQXcKTHpFdE1Dc0dBMVVFQXhNa056VXhaVEEwWkdZdE56SXlOaTAwTWpRMkxXRTVaRGd0TVdGbVlXTXhNV0poTm1aaApNQ0FYRFRJME1EZ3hNREE1TWpNek5Wb1lEekl3TlRRd09EQXpNVEF5TXpNMVdqQXZNUzB3S3dZRFZRUURFeVEzCk5URmxNRFJrWmkwM01qSTJMVFF5TkRZdFlUbGtPQzB4WVdaaFl6RXhZbUUyWm1Fd2dnR2lNQTBHQ1NxR1NJYjMKRFFFQkFRVUFBNElCandBd2dnR0tBb0lCZ1FDdUkvdW16eDZrN1MrTkc0Q0lFMmcxMVRFa1EvRHlkZEU1a1RjOApsYmZWVW1uR2dYODA5TzF3QlpMVDJNVVk1bFM2YXRBRmMxQkl6ZXRTelJRQUFGbllieUNORDc1RmFZSTdFaGthCjJxL05iMDV6bHZvVmd6MGl3b05oMXp5WVBhMmliMEFYYlNTc1Z0YXh1RG5rVlVzUGNXY0tmaWVIY0FxSnJZUTQKenV1QzZGYW5UU1ZpaENnYkR6NFNPb1RoTmx6VTNEdVJ4aUpLbmhwNStNTkFrQVY1anFlV0YrQSthTklJMVRNbQp3ZnhBT3NXSDlGNnNZcHNrRTJmbWgxM0hmUjFIM2NNRDNBcENHL3hUVUUremNOUXhnODh2MWVpNWp3U0xIWm10CnZ6OGdvbFJBcHdTeTR2cnZiMytDYW1BREU5R09YNWUrUlphQ2tVKy9jNW5KOG9QU0FJb202ZUM1WVRoMVlkZmUKSUlISFNnSXlwa0tIbkY2VURJV0pnb05EUmkyUEtuamVDODBGQ1NDTTlScU5IY2VkeGVxV2d6U3VEZHVoc2pEdgp5UlF1L01zU2JGL1BidUg2dDM2amV5RnBzVHZhSWJjVk0zOG43K3hrZ3BxMmRLZkxSSlNXU1MyMTBZaGJlK3IzCmkyU2V1R1AvQ2ZZRndpeVIwQU0zNWJYTUNMTUNBd0VBQWFOQ01FQXdEZ1lEVlIwUEFRSC9CQVFEQWdJRU1BOEcKQTFVZEV3RUIvd1FGTUFNQkFmOHdIUVlEVlIwT0JCWUVGRDVzTXYwNllUZ0hFNTlqZVdhdG12VFZjazMxTUEwRwpDU3FHU0liM0RRRUJDd1VBQTRJQmdRQTFCcWFNR25EUnhObkFvNUhJdFlpclZjNW41ZkJaUGEzTnVzYWJtQXQ4CmdKcUhBakdRRFk1U0l3RjdMZldXeGh0bnNPTEt2MVZKNTZuL014bFA3OUNDaVdvemU3T1NZNzluV0h3eGZxNXYKZ3p5eDhleldRZkZoazJpYkoyVTNsSVJRdUtFWnByeWFTcWVWRW1LN3JYNCtFSTBmQUczSVpyclEvWExtcXlYLwpOdlVkK2dVbFlnN05OaFZ5RmlKU0gyRXAyalhpV1o5UVVxKzdDcW1NRm5yN0hWWGhwRGw0S2xLU3VUNHMwU3h3CmZST2xKOHFsYXI3SlUxU1o0aU5xNHJnN1JsU1VyVnlBSjltWW9zTEpTT1AwQ25SekpKTFlYbjlTQ0R5b0lWY24Kd3JQT0Q2azhKZEV1ZCtPVkxZZFprRVN1R3MzdWw5S2l4WTZQcGpzeFQvZ0JUNno3LzludUJKVHl5YmFhRHVzTwpLK0VHc0U1SDd5UjRHSmkvWFAyZVl6VkpadDhVT0g0eXhmS1JhbGFNR3VZS2RJSHpPdkI2Q1A3YkhJajJBSXM0Cjd4S2hZNUg1dU9SemFqRnVWNmRyd3ZrbGVaVi9LUXVaTmx3emFmNEY0WlBYUTlocTVMMXpKRHNVYkxWbC83T3QKZGZZaXM1UnNMOVYvWWUxdU5udG9CSEE9Ci0tLS0tRU5EIENFUlRJRklDQVRFLS0tLS0K\n    server: https://34.78.215.160\n  name: p71\ncontexts:\n- context:\n    cluster: p71\n    user: p71\n  name: p71\ncurrent-context: p71\nkind: Config\npreferences: {}\nusers:\n- name: p71\n  user:\n    token: ya29.a0AcM612zYtSQegefuECTt98nda6waCwcuFyvLLlZqBQiWomwWjXnHS6IELP4LdaGAbe6KnEoaPwhsCJk1hCD9rHjyrRXkParTOVA2LzQsKU9Y0FDKeUare48-ZK_UW15vOg4F9tbVkF8-QzkGNHEIy3sTLcEG0CWIwCPCZgaCgYKAVUSARISFQHGX2MiEyRpz50m93mwJpKL7hOkpQ0173\n",
            "content_base64": null,
            "content_base64sha256": "j0CFypqUMqMFFEfueUFSvCzMiICBpL6OWEzEEqXHnq8=",
            "content_base64sha512": "HmrrKAXwKBqnJqRbfPxN0WpkDQAwpVk3vwrwllbAbUO1oX6RWav/O+cgiD6ac/ESUVq9Atstex290N/5fMeUTQ==",
            "content_md5": "dbaf2da2512b11bd33f2415f07db3d4d",
            "content_sha1": "fc23f3ac04900ecc07b15df010ace1b7750b00c3",
            "content_sha256": "8f4085ca9a9432a3051447ee794152bc2ccc888081a4be8e584cc412a5c79eaf",
            "content_sha512": "1e6aeb2805f0281aa726a45b7cfc4dd16a640d0030a55937bf0af09656c06d43b5a17e9159abff3be720883e9a73f112515abd02db2d7b1dbdd0dff97cc7944d",
            "directory_permission": "0777",
            "file_permission": "0400",
            "filename": "./kubeconfig",
            "id": "fc23f3ac04900ecc07b15df010ace1b7750b00c3",
            "sensitive_content": null,
            "source": null
          },
          "sensitive_attributes": [
            [
              {
                "type": "get_attr",
                "value": "content"
              }
            ]
          ],
          "dependencies": [
            "google_container_cluster.this",
            "module.gke_auth.data.google_client_config.provider",
            "module.gke_auth.data.google_container_cluster.gke_cluster"
          ]
        }
      ]
    },
    {
      "module": "module.gke_auth",
      "mode": "data",
      "type": "google_client_config",
      "name": "provider",
      "provider": "provider[\"registry.terraform.io/hashicorp/google\"]",
      "instances": [
        {
          "schema_version": 0,
          "attributes": {
            "access_token": "ya29.a0AcM612zYtSQegefuECTt98nda6waCwcuFyvLLlZqBQiWomwWjXnHS6IELP4LdaGAbe6KnEoaPwhsCJk1hCD9rHjyrRXkParTOVA2LzQsKU9Y0FDKeUare48-ZK_UW15vOg4F9tbVkF8-QzkGNHEIy3sTLcEG0CWIwCPCZgaCgYKAVUSARISFQHGX2MiEyRpz50m93mwJpKL7hOkpQ0173",
            "id": "projects/w5p6-431011/regions/europe-west1-b/zones/",
            "project": "w5p6-431011",
            "region": "europe-west1-b",
            "zone": ""
          },
          "sensitive_attributes": []
        }
      ]
    },
    {
      "module": "module.gke_auth",
      "mode": "data",
      "type": "google_container_cluster",
      "name": "gke_cluster",
      "provider": "provider[\"registry.terraform.io/hashicorp/google\"]",
      "instances": [
        {
          "schema_version": 0,
          "attributes": {
            "addons_config": [
              {
                "cloudrun_config": [],
                "config_connector_config": [],
                "dns_cache_config": [],
                "gce_persistent_disk_csi_driver_config": [
                  {
                    "enabled": true
                  }
                ],
                "gcp_filestore_csi_driver_config": [],
                "gke_backup_agent_config": [],
                "horizontal_pod_autoscaling": [],
                "http_load_balancing": [],
                "network_policy_config": [
                  {
                    "disabled": true
                  }
                ]
              }
            ],
            "authenticator_groups_config": [],
            "binary_authorization": [
              {
                "enabled": false,
                "evaluation_mode": ""
              }
            ],
            "cluster_autoscaling": [
              {
                "auto_provisioning_defaults": [],
                "enabled": false,
                "resource_limits": []
              }
            ],
            "cluster_ipv4_cidr": "10.96.0.0/14",
            "confidential_nodes": [],
            "cost_management_config": [],
            "database_encryption": [
              {
                "key_name": "",
                "state": "DECRYPTED"
              }
            ],
            "datapath_provider": "",
            "default_max_pods_per_node": null,
            "default_snat_status": [
              {
                "disabled": false
              }
            ],
            "description": "",
            "dns_config": [],
            "enable_autopilot": false,
            "enable_binary_authorization": false,
            "enable_intranode_visibility": false,
            "enable_kubernetes_alpha": false,
            "enable_l4_ilb_subsetting": false,
            "enable_legacy_abac": false,
            "enable_shielded_nodes": true,
            "enable_tpu": false,
            "endpoint": "34.78.215.160",
            "gateway_api_config": [],
            "id": "projects/w5p6-431011/locations/europe-west1-b/clusters/p71",
            "initial_node_count": 1,
            "ip_allocation_policy": [],
            "label_fingerprint": "a9dc16a7",
            "location": "europe-west1-b",
            "logging_config": [
              {
                "enable_components": [
                  "SYSTEM_COMPONENTS",
                  "WORKLOADS"
                ]
              }
            ],
            "logging_service": "logging.googleapis.com/kubernetes",
            "maintenance_policy": [],
            "master_auth": [
              {
                "client_certificate": "",
                "client_certificate_config": [
                  {
                    "issue_client_certificate": false
                  }
                ],
                "client_key": "",
                "cluster_ca_certificate": "LS0tLS1CRUdJTiBDRVJUSUZJQ0FURS0tLS0tCk1JSUVMVENDQXBXZ0F3SUJBZ0lSQU9KVDkzajNhVFN3SitoNVlTMzdBRzR3RFFZSktvWklodmNOQVFFTEJRQXcKTHpFdE1Dc0dBMVVFQXhNa056VXhaVEEwWkdZdE56SXlOaTAwTWpRMkxXRTVaRGd0TVdGbVlXTXhNV0poTm1aaApNQ0FYRFRJME1EZ3hNREE1TWpNek5Wb1lEekl3TlRRd09EQXpNVEF5TXpNMVdqQXZNUzB3S3dZRFZRUURFeVEzCk5URmxNRFJrWmkwM01qSTJMVFF5TkRZdFlUbGtPQzB4WVdaaFl6RXhZbUUyWm1Fd2dnR2lNQTBHQ1NxR1NJYjMKRFFFQkFRVUFBNElCandBd2dnR0tBb0lCZ1FDdUkvdW16eDZrN1MrTkc0Q0lFMmcxMVRFa1EvRHlkZEU1a1RjOApsYmZWVW1uR2dYODA5TzF3QlpMVDJNVVk1bFM2YXRBRmMxQkl6ZXRTelJRQUFGbllieUNORDc1RmFZSTdFaGthCjJxL05iMDV6bHZvVmd6MGl3b05oMXp5WVBhMmliMEFYYlNTc1Z0YXh1RG5rVlVzUGNXY0tmaWVIY0FxSnJZUTQKenV1QzZGYW5UU1ZpaENnYkR6NFNPb1RoTmx6VTNEdVJ4aUpLbmhwNStNTkFrQVY1anFlV0YrQSthTklJMVRNbQp3ZnhBT3NXSDlGNnNZcHNrRTJmbWgxM0hmUjFIM2NNRDNBcENHL3hUVUUremNOUXhnODh2MWVpNWp3U0xIWm10CnZ6OGdvbFJBcHdTeTR2cnZiMytDYW1BREU5R09YNWUrUlphQ2tVKy9jNW5KOG9QU0FJb202ZUM1WVRoMVlkZmUKSUlISFNnSXlwa0tIbkY2VURJV0pnb05EUmkyUEtuamVDODBGQ1NDTTlScU5IY2VkeGVxV2d6U3VEZHVoc2pEdgp5UlF1L01zU2JGL1BidUg2dDM2amV5RnBzVHZhSWJjVk0zOG43K3hrZ3BxMmRLZkxSSlNXU1MyMTBZaGJlK3IzCmkyU2V1R1AvQ2ZZRndpeVIwQU0zNWJYTUNMTUNBd0VBQWFOQ01FQXdEZ1lEVlIwUEFRSC9CQVFEQWdJRU1BOEcKQTFVZEV3RUIvd1FGTUFNQkFmOHdIUVlEVlIwT0JCWUVGRDVzTXYwNllUZ0hFNTlqZVdhdG12VFZjazMxTUEwRwpDU3FHU0liM0RRRUJDd1VBQTRJQmdRQTFCcWFNR25EUnhObkFvNUhJdFlpclZjNW41ZkJaUGEzTnVzYWJtQXQ4CmdKcUhBakdRRFk1U0l3RjdMZldXeGh0bnNPTEt2MVZKNTZuL014bFA3OUNDaVdvemU3T1NZNzluV0h3eGZxNXYKZ3p5eDhleldRZkZoazJpYkoyVTNsSVJRdUtFWnByeWFTcWVWRW1LN3JYNCtFSTBmQUczSVpyclEvWExtcXlYLwpOdlVkK2dVbFlnN05OaFZ5RmlKU0gyRXAyalhpV1o5UVVxKzdDcW1NRm5yN0hWWGhwRGw0S2xLU3VUNHMwU3h3CmZST2xKOHFsYXI3SlUxU1o0aU5xNHJnN1JsU1VyVnlBSjltWW9zTEpTT1AwQ25SekpKTFlYbjlTQ0R5b0lWY24Kd3JQT0Q2azhKZEV1ZCtPVkxZZFprRVN1R3MzdWw5S2l4WTZQcGpzeFQvZ0JUNno3LzludUJKVHl5YmFhRHVzTwpLK0VHc0U1SDd5UjRHSmkvWFAyZVl6VkpadDhVT0g0eXhmS1JhbGFNR3VZS2RJSHpPdkI2Q1A3YkhJajJBSXM0Cjd4S2hZNUg1dU9SemFqRnVWNmRyd3ZrbGVaVi9LUXVaTmx3emFmNEY0WlBYUTlocTVMMXpKRHNVYkxWbC83T3QKZGZZaXM1UnNMOVYvWWUxdU5udG9CSEE9Ci0tLS0tRU5EIENFUlRJRklDQVRFLS0tLS0K"
              }
            ],
            "master_authorized_networks_config": [],
            "master_version": "1.29.6-gke.1326000",
            "mesh_certificates": [],
            "min_master_version": null,
            "monitoring_config": [
              {
                "enable_components": [
                  "SYSTEM_COMPONENTS",
                  "STORAGE",
                  "HPA",
                  "POD",
                  "DAEMONSET",
                  "DEPLOYMENT",
                  "STATEFULSET",
                  "CADVISOR",
                  "KUBELET"
                ],
                "managed_prometheus": [
                  {
                    "enabled": true
                  }
                ]
              }
            ],
            "monitoring_service": "monitoring.googleapis.com/kubernetes",
            "name": "p71",
            "network": "projects/w5p6-431011/global/networks/default",
            "network_policy": [
              {
                "enabled": false,
                "provider": "PROVIDER_UNSPECIFIED"
              }
            ],
            "networking_mode": "ROUTES",
            "node_config": [],
            "node_locations": [],
            "node_pool": [],
            "node_pool_defaults": [
              {
                "node_config_defaults": [
                  {
                    "logging_variant": "DEFAULT"
                  }
                ]
              }
            ],
            "node_version": "1.29.6-gke.1326000",
            "notification_config": [
              {
                "pubsub": [
                  {
                    "enabled": false,
                    "filter": [],
                    "topic": ""
                  }
                ]
              }
            ],
            "operation": null,
            "private_cluster_config": [
              {
                "enable_private_endpoint": false,
                "enable_private_nodes": false,
                "master_global_access_config": [
                  {
                    "enabled": false
                  }
                ],
                "master_ipv4_cidr_block": "",
                "peering_name": "",
                "private_endpoint": "10.132.0.8",
                "private_endpoint_subnetwork": "",
                "public_endpoint": "34.78.215.160"
              }
            ],
            "private_ipv6_google_access": "",
            "project": "w5p6-431011",
            "release_channel": [
              {
                "channel": "REGULAR"
              }
            ],
            "remove_default_node_pool": null,
            "resource_labels": {},
            "resource_usage_export_config": [],
            "self_link": "https://container.googleapis.com/v1/projects/w5p6-431011/zones/europe-west1-b/clusters/p71",
            "service_external_ips_config": [
              {
                "enabled": false
              }
            ],
            "services_ipv4_cidr": "10.99.240.0/20",
            "subnetwork": "projects/w5p6-431011/regions/europe-west1/subnetworks/default",
            "tpu_ipv4_cidr_block": "",
            "vertical_pod_autoscaling": [],
            "workload_identity_config": [
              {
                "workload_pool": "w5p6-431011.svc.id.goog"
              }
            ]
          },
          "sensitive_attributes": []
        }
      ]
    }
  ],
  "check_results": null
}
